PODS:
  - AFAmazonS3Client (2.0.0):
    - AFNetworking (~> 2.0)
  - AFNetworkActivityLogger (2.0.3):
    - AFNetworking/NSURLConnection (~> 2.0)
    - AFNetworking/NSURLSession (~> 2.0)
  - AFNetworking (2.4.1):
    - AFNetworking/NSURLConnection
    - AFNetworking/NSURLSession
    - AFNetworking/Reachability
    - AFNetworking/Security
    - AFNetworking/Serialization
    - AFNetworking/UIKit
  - AFNetworking+ImageActivityIndicator (1.0.0):
    - AFNetworking (~> 2.0)
  - AFNetworking/NSURLConnection (2.4.1):
    - AFNetworking/Reachability
    - AFNetworking/Security
    - AFNetworking/Serialization
  - AFNetworking/NSURLSession (2.4.1):
    - AFNetworking/Reachability
    - AFNetworking/Security
    - AFNetworking/Serialization
  - AFNetworking/Reachability (2.4.1)
  - AFNetworking/Security (2.4.1)
  - AFNetworking/Serialization (2.4.1)
  - AFNetworking/UIKit (2.4.1):
    - AFNetworking/NSURLConnection
    - AFNetworking/NSURLSession
  - ALLabel (1.0.0)
  - AOBaseControllers (2.0.1)
  - AOInputAccessoryToolbar (2.0.2)
  - AOPhotoPageViewController (1.2.2):
    - AOPhotoPageViewController/AOPhotoPageViewController
    - AOPhotoPageViewController/AOPhotoPreviewPageViewController
  - AOPhotoPageViewController/AOPhotoPageViewController (1.2.2):
    - AFNetworking+ImageActivityIndicator (~> 1.0)
    - Image+Bundle+Name (~> 0.1.0)
  - AOPhotoPageViewController/AOPhotoPreviewPageViewController (1.2.2):
    - AOPhotoPageViewController/AOPhotoPageViewController
  - AOPickerTextField (2.0.1):
    - AOInputAccessoryToolbar (~> 2.0)
  - AOPullToRefresh (0.2.0)
  - AOReportAdapter (0.0.1)
  - AOReportControllers (0.0.1):
    - ALLabel (~> 1.0)
    - AOBaseControllers (~> 2.0)
    - AOInputAccessoryToolbar (~> 2.0)
    - AOPhotoPageViewController (~> 1.0)
    - AOPickerTextField (~> 2.0)
    - AOValidation (~> 0.3)
    - AOValidationProtocol (~> 1.0)
    - AutoLayoutCells (~> 0.1.0)
    - AutoLayoutTextViews (~> 1.0)
    - Image+Bundle+Name (~> 0.1)
    - MBProgressHUD (~> 0.8)
    - MBProgressHUD+AOTapToCancel (~> 0.1)
    - SignatureView (~> 1.0)
    - TPKeyboardAvoiding (~> 1.2)
    - UIImage+ColorPlaceholder (~> 1.0)
    - UIImage-Resize (~> 1.0)
    - UIView+AORefreshFont (~> 1.0)
    - UIViewController+AOPinToLayout (~> 0.1)
  - AOReportListViewController (0.0.1):
    - AOBaseControllers (~> 2.0)
    - AOPullToRefresh (~> 0.2)
    - AutoLayoutCells (~> 0.1.0)
    - MBProgressHUD (~> 0.8)
    - MBProgressHUD+AOTapToCancel (~> 0.1)
    - UIImage+ColorPlaceholder (~> 1.0)
    - UIScrollView-InfiniteScroll (~> 0.2)
    - UIView+AORefreshFont (~> 1.0)
  - AOReportModels (0.0.1):
    - AFNetworking (~> 2.0)
    - UICKeyChainStore (~> 1.0)
    - UIColor+Additions (~> 1.0)
    - XMLDictionary (~> 1.4)
  - AOReportNavigationController (0.0.1)
  - AOReportNetworking (0.0.1):
    - AFAmazonS3Client (~> 2.0)
    - AFNetworking (~> 2.0)
    - NSString-UrlEncode (~> 1.1)
    - XMLDictionary (~> 1.4)
  - AOValidation (0.3.0)
  - AOValidationProtocol (1.0.1)
  - AutoLayoutCells (0.1.0):
    - AutoLayoutCells/TableViewCells
  - AutoLayoutCells/TableViewCells (0.1.0):
    - AFNetworking+ImageActivityIndicator (~> 1.0)
    - ALLabel (~> 1.0)
    - AutoLayoutTextViews (~> 1.0)
    - UIView+AORefreshFont (~> 1.0)
  - AutoLayoutTextViews (1.1.0)
  - Image+Bundle+Name (0.1.1)
  - MBProgressHUD (0.9)
  - MBProgressHUD+AOTapToCancel (0.1.0):
    - MBProgressHUD (~> 0.8)
  - NSString-UrlEncode (1.1.0)
  - SignatureView (1.1.0)
  - TPKeyboardAvoiding (1.2.4)
  - UICKeyChainStore (1.0.5)
  - UIColor+Additions (1.0.1)
  - UIImage+ColorPlaceholder (1.0.0)
  - UIImage-Resize (1.0.1)
  - UIScrollView-InfiniteScroll (0.2.1)
  - UIView+AORefreshFont (1.0.2)
  - UIViewController+AOPinToLayout (0.1.0)
  - XMLDictionary (1.4)

DEPENDENCIES:
  - AFAmazonS3Client (from `~/Documents/Libraries/AFAmazonS3Client`)
  - AFNetworkActivityLogger (~> 2.0)
  - AOReportAdapter (from `~/Documents/AORepos/AOReportAdapter`)
  - AOReportControllers (from `~/Documents/AORepos/AOReportControllers`)
  - AOReportListViewController (from `../`)
  - AOReportModels (from `~/Documents/AORepos/AOReportModels`)
  - AOReportNavigationController (from `~/Documents/AORepos/AOReportNavigationController`)
  - AOReportNetworking (from `~/Documents/AORepos/AOReportNetworking`)
  - UIScrollView-InfiniteScroll (~> 0.2)

EXTERNAL SOURCES:
  AFAmazonS3Client:
    :path: ~/Documents/Libraries/AFAmazonS3Client
  AOReportAdapter:
    :path: ~/Documents/AORepos/AOReportAdapter
  AOReportControllers:
    :path: ~/Documents/AORepos/AOReportControllers
  AOReportListViewController:
    :path: ../
  AOReportModels:
    :path: ~/Documents/AORepos/AOReportModels
  AOReportNavigationController:
    :path: ~/Documents/AORepos/AOReportNavigationController
  AOReportNetworking:
    :path: ~/Documents/AORepos/AOReportNetworking

SPEC CHECKSUMS:
  AFAmazonS3Client: 4f86fbde0010f18b1fcc473df840d6546e3b3569
  AFNetworkActivityLogger: d6a2d2755fada3a1fbf1f490ec0dd92224e092a4
  AFNetworking: 0aabc6fae66d6e5d039eeb21c315843c7aae51ab
  AFNetworking+ImageActivityIndicator: c57c1b83395c9a9c03ff247cea8fcd7a2656fcd6
  ALLabel: 22df54ababe890d6a458490e480d93ba0e17986a
  AOBaseControllers: b688306e391560ce8800d9c6bfe67ab16091b2a3
  AOInputAccessoryToolbar: 68e851ef8be944cc7750e07d3ec3b8b680249362
  AOPhotoPageViewController: ce1a0e1f1ddc1ca5efb23950850d37e25f17d7f7
  AOPickerTextField: 238cd988b54f2138a8dcea9010fdee79ed4e5c65
  AOPullToRefresh: de4f33da07eb70bcc33aa92906488a48a036e925
  AOReportAdapter: 55fd6b87ee064ff7e82e1b95b0e7a1f32c80bc2f
  AOReportControllers: d92301086bca3773a0e3f9b970720fb7ff0e1f10
  AOReportListViewController: d44d3a03df0fa87dcb84211b6d68abe706d02eed
  AOReportModels: 2792d852e97d808e4ec9745babe6fce5b8c202f4
  AOReportNavigationController: cc8cefe77b81a876c938bc0ca18aec7d8071ec6f
  AOReportNetworking: e9bc16de30f595dd4936afa979f3b60e4e36b9f6
  AOValidation: b5674cc7d0a2f8d3928db6cca4e88c5062e00ffe
  AOValidationProtocol: aa0f6ffa79acfe2adb1d232f727588d97290fd5e
  AutoLayoutCells: 3775c4c8e285528cc76a956f40006b2978c5fd71
  AutoLayoutTextViews: 9b6ed8710466117db3396e683089b8edb9f48ba3
  Image+Bundle+Name: 3cd7187fee2a293248b3848336b02d585a81104b
  MBProgressHUD: 2038dbcf3dce73215abed6001657043d53aa79a8
  MBProgressHUD+AOTapToCancel: af2198f552ff70115c24bacf90d9bb857ec988cc
  NSString-UrlEncode: 9b49b5499996dad0439373683820420978731628
  SignatureView: 561c5750ec46de745622dd5067910e58c85e2399
  TPKeyboardAvoiding: 925e1e1912597d1a4956697eec3bd9656552153c
  UICKeyChainStore: 4f9719600cc70025064e26f28f1210bcfc3b0c35
  UIColor+Additions: 6c3ab749f2c0c55b3154c4fd0207de1d3505dda3
  UIImage+ColorPlaceholder: 480e381329471ef7912246ced8cf1e51ff275906
  UIImage-Resize: fc57263eed2cd98f74e5ba4848bedae979a0bdf0
  UIScrollView-InfiniteScroll: a852eb144fbc41c64264fedfc56359a8e13a4714
  UIView+AORefreshFont: 5784113c8c078e76774a7cdf008102e2ef6d49a4
  UIViewController+AOPinToLayout: c465a527528400b66fc9c986f6fb83d08107d2e5
  XMLDictionary: 735e81b9a043e220b0d24e9d4f16719606f2e0fc

COCOAPODS: 0.33.1
