// !$*UTF8*$!
{
	archiveVersion = 1;
	classes = {
	};
	objectVersion = 46;
	objects = {

/* Begin PBXBuildFile section */
		82427914B50841328A1FAE07 /* libPods-AMRefreshingTableViewControllerTests.a in Frameworks */ = {isa = PBXBuildFile; fileRef = 0AAA13EB9A61460CBA364BFA /* libPods-AMRefreshingTableViewControllerTests.a */; };
		925E7D7D199D641300BC7170 /* AMRefreshingTableViewController.m in Sources */ = {isa = PBXBuildFile; fileRef = 925E7D7C199D641300BC7170 /* AMRefreshingTableViewController.m */; };
		92815B64199D46F500E8D41F /* AMRefreshingTableViewControllerTests.m in Sources */ = {isa = PBXBuildFile; fileRef = 92815B63199D46F500E8D41F /* AMRefreshingTableViewControllerTests.m */; };
		92DEA71E199D44B8004E919A /* Foundation.framework in Frameworks */ = {isa = PBXBuildFile; fileRef = 92DEA71D199D44B8004E919A /* Foundation.framework */; };
		92DEA72C199D44B8004E919A /* XCTest.framework in Frameworks */ = {isa = PBXBuildFile; fileRef = 92DEA72B199D44B8004E919A /* XCTest.framework */; };
		92DEA72D199D44B8004E919A /* Foundation.framework in Frameworks */ = {isa = PBXBuildFile; fileRef = 92DEA71D199D44B8004E919A /* Foundation.framework */; };
		92DEA72F199D44B8004E919A /* UIKit.framework in Frameworks */ = {isa = PBXBuildFile; fileRef = 92DEA72E199D44B8004E919A /* UIKit.framework */; };
		92DEA732199D44B8004E919A /* libAMRefreshingTableViewController.a in Frameworks */ = {isa = PBXBuildFile; fileRef = 92DEA71A199D44B8004E919A /* libAMRefreshingTableViewController.a */; };
		92DEA738199D44B8004E919A /* InfoPlist.strings in Resources */ = {isa = PBXBuildFile; fileRef = 92DEA736199D44B8004E919A /* InfoPlist.strings */; };
		AAE99F5FCFBB4E00B3906F6B /* libPods-AMRefreshingTableViewController.a in Frameworks */ = {isa = PBXBuildFile; fileRef = 7869EA3752284568833E53C5 /* libPods-AMRefreshingTableViewController.a */; };
/* End PBXBuildFile section */

/* Begin PBXContainerItemProxy section */
		92DEA730199D44B8004E919A /* PBXContainerItemProxy */ = {
			isa = PBXContainerItemProxy;
			containerPortal = 92DEA712199D44B8004E919A /* Project object */;
			proxyType = 1;
			remoteGlobalIDString = 92DEA719199D44B8004E919A;
			remoteInfo = AOReportListViewController;
		};
/* End PBXContainerItemProxy section */

/* Begin PBXCopyFilesBuildPhase section */
		92DEA718199D44B8004E919A /* CopyFiles */ = {
			isa = PBXCopyFilesBuildPhase;
			buildActionMask = 2147483647;
			dstPath = "include/$(PRODUCT_NAME)";
			dstSubfolderSpec = 16;
			files = (
			);
			runOnlyForDeploymentPostprocessing = 0;
		};
/* End PBXCopyFilesBuildPhase section */

/* Begin PBXFileReference section */
		0AAA13EB9A61460CBA364BFA /* libPods-AMRefreshingTableViewControllerTests.a */ = {isa = PBXFileReference; explicitFileType = archive.ar; includeInIndex = 0; path = "libPods-AMRefreshingTableViewControllerTests.a"; sourceTree = BUILT_PRODUCTS_DIR; };
		485646A00569BE968BED7A16 /* Pods-AMRefreshingTableViewController.debug.xcconfig */ = {isa = PBXFileReference; includeInIndex = 1; lastKnownFileType = text.xcconfig; name = "Pods-AMRefreshingTableViewController.debug.xcconfig"; path = "Pods/Target Support Files/Pods-AMRefreshingTableViewController/Pods-AMRefreshingTableViewController.debug.xcconfig"; sourceTree = "<group>"; };
		7869EA3752284568833E53C5 /* libPods-AMRefreshingTableViewController.a */ = {isa = PBXFileReference; explicitFileType = archive.ar; includeInIndex = 0; path = "libPods-AMRefreshingTableViewController.a"; sourceTree = BUILT_PRODUCTS_DIR; };
		7A77448185C277E3E1754519 /* Pods-AMRefreshingTableViewControllerTests.release.xcconfig */ = {isa = PBXFileReference; includeInIndex = 1; lastKnownFileType = text.xcconfig; name = "Pods-AMRefreshingTableViewControllerTests.release.xcconfig"; path = "Pods/Target Support Files/Pods-AMRefreshingTableViewControllerTests/Pods-AMRefreshingTableViewControllerTests.release.xcconfig"; sourceTree = "<group>"; };
		83B44C1CE15449FC8228D101 /* libPods-AOReportListViewControllerTests.a */ = {isa = PBXFileReference; explicitFileType = archive.ar; includeInIndex = 0; path = "libPods-AOReportListViewControllerTests.a"; sourceTree = BUILT_PRODUCTS_DIR; };
		920B102D19B79A990067D699 /* AMRefreshingTableViewControllerDelegate.h */ = {isa = PBXFileReference; lastKnownFileType = sourcecode.c.h; path = AMRefreshingTableViewControllerDelegate.h; sourceTree = "<group>"; };
		92375E4119B65CA40096FB95 /* AMRefreshingListItemProtocol.h */ = {isa = PBXFileReference; fileEncoding = 4; lastKnownFileType = sourcecode.c.h; path = AMRefreshingListItemProtocol.h; sourceTree = "<group>"; };
		925E7D7B199D641300BC7170 /* AMRefreshingTableViewController.h */ = {isa = PBXFileReference; fileEncoding = 4; lastKnownFileType = sourcecode.c.h; path = AMRefreshingTableViewController.h; sourceTree = "<group>"; };
		925E7D7C199D641300BC7170 /* AMRefreshingTableViewController.m */ = {isa = PBXFileReference; fileEncoding = 4; lastKnownFileType = sourcecode.c.objc; path = AMRefreshingTableViewController.m; sourceTree = "<group>"; };
		92815B63199D46F500E8D41F /* AMRefreshingTableViewControllerTests.m */ = {isa = PBXFileReference; fileEncoding = 4; lastKnownFileType = sourcecode.c.objc; path = AMRefreshingTableViewControllerTests.m; sourceTree = "<group>"; };
		9291D8A91A5F73AB0097592B /* AMRefreshingTableViewController_TestExtension.h */ = {isa = PBXFileReference; fileEncoding = 4; lastKnownFileType = sourcecode.c.h; path = AMRefreshingTableViewController_TestExtension.h; sourceTree = "<group>"; };
		9291D8AA1A5F75100097592B /* libPods-AMRefreshingTableViewController.a */ = {isa = PBXFileReference; lastKnownFileType = archive.ar; name = "libPods-AMRefreshingTableViewController.a"; path = "Pods/build/Debug-iphoneos/libPods-AMRefreshingTableViewController.a"; sourceTree = "<group>"; };
		9291D8AC1A5F752B0097592B /* libPods-AMRefreshingTableViewController-AutoLayoutCells.a */ = {isa = PBXFileReference; lastKnownFileType = archive.ar; name = "libPods-AMRefreshingTableViewController-AutoLayoutCells.a"; path = "Pods/build/Debug-iphoneos/libPods-AMRefreshingTableViewController-AutoLayoutCells.a"; sourceTree = "<group>"; };
		92BCBA0119B8FA0700B835E1 /* AMRefreshingTableViewControllerDataSource.h */ = {isa = PBXFileReference; lastKnownFileType = sourcecode.c.h; path = AMRefreshingTableViewControllerDataSource.h; sourceTree = "<group>"; };
		92DEA71A199D44B8004E919A /* libAMRefreshingTableViewController.a */ = {isa = PBXFileReference; explicitFileType = archive.ar; includeInIndex = 0; path = libAMRefreshingTableViewController.a; sourceTree = BUILT_PRODUCTS_DIR; };
		92DEA71D199D44B8004E919A /* Foundation.framework */ = {isa = PBXFileReference; lastKnownFileType = wrapper.framework; name = Foundation.framework; path = System/Library/Frameworks/Foundation.framework; sourceTree = SDKROOT; };
		92DEA721199D44B8004E919A /* AMRefreshingTableViewController-Prefix.pch */ = {isa = PBXFileReference; lastKnownFileType = sourcecode.c.h; path = "AMRefreshingTableViewController-Prefix.pch"; sourceTree = "<group>"; };
		92DEA72A199D44B8004E919A /* AMRefreshingTableViewControllerTests.xctest */ = {isa = PBXFileReference; explicitFileType = wrapper.cfbundle; includeInIndex = 0; path = AMRefreshingTableViewControllerTests.xctest; sourceTree = BUILT_PRODUCTS_DIR; };
		92DEA72B199D44B8004E919A /* XCTest.framework */ = {isa = PBXFileReference; lastKnownFileType = wrapper.framework; name = XCTest.framework; path = Library/Frameworks/XCTest.framework; sourceTree = DEVELOPER_DIR; };
		92DEA72E199D44B8004E919A /* UIKit.framework */ = {isa = PBXFileReference; lastKnownFileType = wrapper.framework; name = UIKit.framework; path = Library/Frameworks/UIKit.framework; sourceTree = DEVELOPER_DIR; };
		92DEA735199D44B8004E919A /* AMRefreshingTableViewControllerTests-Info.plist */ = {isa = PBXFileReference; lastKnownFileType = text.plist.xml; path = "AMRefreshingTableViewControllerTests-Info.plist"; sourceTree = "<group>"; };
		92DEA737199D44B8004E919A /* en */ = {isa = PBXFileReference; lastKnownFileType = text.plist.strings; name = en; path = en.lproj/InfoPlist.strings; sourceTree = "<group>"; };
		B178F3A4E6EC47CABCEFF163 /* libPods-AOReportListViewController.a */ = {isa = PBXFileReference; explicitFileType = archive.ar; includeInIndex = 0; path = "libPods-AOReportListViewController.a"; sourceTree = BUILT_PRODUCTS_DIR; };
		D0D5102A06AED1332703F041 /* Pods-AMRefreshingTableViewControllerTests.debug.xcconfig */ = {isa = PBXFileReference; includeInIndex = 1; lastKnownFileType = text.xcconfig; name = "Pods-AMRefreshingTableViewControllerTests.debug.xcconfig"; path = "Pods/Target Support Files/Pods-AMRefreshingTableViewControllerTests/Pods-AMRefreshingTableViewControllerTests.debug.xcconfig"; sourceTree = "<group>"; };
		D82F4732D05E35630FDDD4E1 /* Pods-AMRefreshingTableViewController.release.xcconfig */ = {isa = PBXFileReference; includeInIndex = 1; lastKnownFileType = text.xcconfig; name = "Pods-AMRefreshingTableViewController.release.xcconfig"; path = "Pods/Target Support Files/Pods-AMRefreshingTableViewController/Pods-AMRefreshingTableViewController.release.xcconfig"; sourceTree = "<group>"; };
/* End PBXFileReference section */

/* Begin PBXFrameworksBuildPhase section */
		92DEA717199D44B8004E919A /* Frameworks */ = {
			isa = PBXFrameworksBuildPhase;
			buildActionMask = 2147483647;
			files = (
				92DEA71E199D44B8004E919A /* Foundation.framework in Frameworks */,
				AAE99F5FCFBB4E00B3906F6B /* libPods-AMRefreshingTableViewController.a in Frameworks */,
			);
			runOnlyForDeploymentPostprocessing = 0;
		};
		92DEA727199D44B8004E919A /* Frameworks */ = {
			isa = PBXFrameworksBuildPhase;
			buildActionMask = 2147483647;
			files = (
				92DEA732199D44B8004E919A /* libAMRefreshingTableViewController.a in Frameworks */,
				92DEA72C199D44B8004E919A /* XCTest.framework in Frameworks */,
				92DEA72F199D44B8004E919A /* UIKit.framework in Frameworks */,
				92DEA72D199D44B8004E919A /* Foundation.framework in Frameworks */,
				82427914B50841328A1FAE07 /* libPods-AMRefreshingTableViewControllerTests.a in Frameworks */,
			);
			runOnlyForDeploymentPostprocessing = 0;
		};
/* End PBXFrameworksBuildPhase section */

/* Begin PBXGroup section */
		7310C9ACBFB511201DF7815E /* Pods */ = {
			isa = PBXGroup;
			children = (
				485646A00569BE968BED7A16 /* Pods-AMRefreshingTableViewController.debug.xcconfig */,
				D82F4732D05E35630FDDD4E1 /* Pods-AMRefreshingTableViewController.release.xcconfig */,
				D0D5102A06AED1332703F041 /* Pods-AMRefreshingTableViewControllerTests.debug.xcconfig */,
				7A77448185C277E3E1754519 /* Pods-AMRefreshingTableViewControllerTests.release.xcconfig */,
			);
			name = Pods;
			sourceTree = "<group>";
		};
		9212C4F5199ECBD300533314 /* Protocols */ = {
			isa = PBXGroup;
			children = (
				92375E4119B65CA40096FB95 /* AMRefreshingListItemProtocol.h */,
				920B102D19B79A990067D699 /* AMRefreshingTableViewControllerDelegate.h */,
				92BCBA0119B8FA0700B835E1 /* AMRefreshingTableViewControllerDataSource.h */,
			);
			name = Protocols;
			sourceTree = "<group>";
		};
		92DEA711199D44B8004E919A = {
			isa = PBXGroup;
			children = (
				92DEA71F199D44B8004E919A /* AMRefreshingTableViewController */,
				92DEA733199D44B8004E919A /* AMRefreshingTableViewControllerTests */,
				92DEA71C199D44B8004E919A /* Frameworks */,
				92DEA71B199D44B8004E919A /* Products */,
				7310C9ACBFB511201DF7815E /* Pods */,
			);
			sourceTree = "<group>";
		};
		92DEA71B199D44B8004E919A /* Products */ = {
			isa = PBXGroup;
			children = (
				92DEA71A199D44B8004E919A /* libAMRefreshingTableViewController.a */,
				92DEA72A199D44B8004E919A /* AMRefreshingTableViewControllerTests.xctest */,
			);
			name = Products;
			sourceTree = "<group>";
		};
		92DEA71C199D44B8004E919A /* Frameworks */ = {
			isa = PBXGroup;
			children = (
				9291D8AC1A5F752B0097592B /* libPods-AMRefreshingTableViewController-AutoLayoutCells.a */,
				9291D8AA1A5F75100097592B /* libPods-AMRefreshingTableViewController.a */,
				92DEA71D199D44B8004E919A /* Foundation.framework */,
				92DEA72B199D44B8004E919A /* XCTest.framework */,
				92DEA72E199D44B8004E919A /* UIKit.framework */,
				B178F3A4E6EC47CABCEFF163 /* libPods-AOReportListViewController.a */,
				83B44C1CE15449FC8228D101 /* libPods-AOReportListViewControllerTests.a */,
				7869EA3752284568833E53C5 /* libPods-AMRefreshingTableViewController.a */,
				0AAA13EB9A61460CBA364BFA /* libPods-AMRefreshingTableViewControllerTests.a */,
			);
			name = Frameworks;
			sourceTree = "<group>";
		};
		92DEA71F199D44B8004E919A /* AMRefreshingTableViewController */ = {
			isa = PBXGroup;
			children = (
				9212C4F5199ECBD300533314 /* Protocols */,
				925E7D7B199D641300BC7170 /* AMRefreshingTableViewController.h */,
				925E7D7C199D641300BC7170 /* AMRefreshingTableViewController.m */,
				92DEA720199D44B8004E919A /* Supporting Files */,
			);
			path = AMRefreshingTableViewController;
			sourceTree = "<group>";
		};
		92DEA720199D44B8004E919A /* Supporting Files */ = {
			isa = PBXGroup;
			children = (
				92DEA721199D44B8004E919A /* AMRefreshingTableViewController-Prefix.pch */,
			);
			name = "Supporting Files";
			sourceTree = "<group>";
		};
		92DEA733199D44B8004E919A /* AMRefreshingTableViewControllerTests */ = {
			isa = PBXGroup;
			children = (
				92815B63199D46F500E8D41F /* AMRefreshingTableViewControllerTests.m */,
				9291D8A91A5F73AB0097592B /* AMRefreshingTableViewController_TestExtension.h */,
				92DEA734199D44B8004E919A /* Supporting Files */,
			);
			path = AMRefreshingTableViewControllerTests;
			sourceTree = "<group>";
		};
		92DEA734199D44B8004E919A /* Supporting Files */ = {
			isa = PBXGroup;
			children = (
				92DEA735199D44B8004E919A /* AMRefreshingTableViewControllerTests-Info.plist */,
				92DEA736199D44B8004E919A /* InfoPlist.strings */,
			);
			name = "Supporting Files";
			sourceTree = "<group>";
		};
/* End PBXGroup section */

/* Begin PBXNativeTarget section */
		92DEA719199D44B8004E919A /* AMRefreshingTableViewController */ = {
			isa = PBXNativeTarget;
			buildConfigurationList = 92DEA73D199D44B9004E919A /* Build configuration list for PBXNativeTarget "AMRefreshingTableViewController" */;
			buildPhases = (
				51D613023E344B118AEA991F /* Check Pods Manifest.lock */,
				92DEA716199D44B8004E919A /* Sources */,
				92DEA717199D44B8004E919A /* Frameworks */,
				92DEA718199D44B8004E919A /* CopyFiles */,
				A8E414E39D2D418A9FF3D160 /* Copy Pods Resources */,
			);
			buildRules = (
			);
			dependencies = (
			);
			name = AMRefreshingTableViewController;
			productName = AOReportListViewController;
			productReference = 92DEA71A199D44B8004E919A /* libAMRefreshingTableViewController.a */;
			productType = "com.apple.product-type.library.static";
		};
		92DEA729199D44B8004E919A /* AMRefreshingTableViewControllerTests */ = {
			isa = PBXNativeTarget;
			buildConfigurationList = 92DEA740199D44B9004E919A /* Build configuration list for PBXNativeTarget "AMRefreshingTableViewControllerTests" */;
			buildPhases = (
				C4ED1C16B0604D9D891666C0 /* Check Pods Manifest.lock */,
				92DEA726199D44B8004E919A /* Sources */,
				92DEA727199D44B8004E919A /* Frameworks */,
				92DEA728199D44B8004E919A /* Resources */,
				3836D0504A6541C8990D8A6E /* Copy Pods Resources */,
			);
			buildRules = (
			);
			dependencies = (
				92DEA731199D44B8004E919A /* PBXTargetDependency */,
			);
			name = AMRefreshingTableViewControllerTests;
			productName = AOReportListViewControllerTests;
			productReference = 92DEA72A199D44B8004E919A /* AMRefreshingTableViewControllerTests.xctest */;
			productType = "com.apple.product-type.bundle.unit-test";
		};
/* End PBXNativeTarget section */

/* Begin PBXProject section */
		92DEA712199D44B8004E919A /* Project object */ = {
			isa = PBXProject;
			attributes = {
				LastUpgradeCheck = 0510;
				ORGANIZATIONNAME = "App-Order, LLC";
			};
			buildConfigurationList = 92DEA715199D44B8004E919A /* Build configuration list for PBXProject "AMRefreshingTableViewController" */;
			compatibilityVersion = "Xcode 3.2";
			developmentRegion = English;
			hasScannedForEncodings = 0;
			knownRegions = (
				en,
			);
			mainGroup = 92DEA711199D44B8004E919A;
			productRefGroup = 92DEA71B199D44B8004E919A /* Products */;
			projectDirPath = "";
			projectRoot = "";
			targets = (
				92DEA719199D44B8004E919A /* AMRefreshingTableViewController */,
				92DEA729199D44B8004E919A /* AMRefreshingTableViewControllerTests */,
			);
		};
/* End PBXProject section */

/* Begin PBXResourcesBuildPhase section */
		92DEA728199D44B8004E919A /* Resources */ = {
			isa = PBXResourcesBuildPhase;
			buildActionMask = 2147483647;
			files = (
				92DEA738199D44B8004E919A /* InfoPlist.strings in Resources */,
			);
			runOnlyForDeploymentPostprocessing = 0;
		};
/* End PBXResourcesBuildPhase section */

/* Begin PBXShellScriptBuildPhase section */
		3836D0504A6541C8990D8A6E /* Copy Pods Resources */ = {
			isa = PBXShellScriptBuildPhase;
			buildActionMask = 2147483647;
			files = (
			);
			inputPaths = (
			);
			name = "Copy Pods Resources";
			outputPaths = (
			);
			runOnlyForDeploymentPostprocessing = 0;
			shellPath = /bin/sh;
			shellScript = "\"${SRCROOT}/Pods/Target Support Files/Pods-AMRefreshingTableViewControllerTests/Pods-AMRefreshingTableViewControllerTests-resources.sh\"\n";
			showEnvVarsInLog = 0;
		};
		51D613023E344B118AEA991F /* Check Pods Manifest.lock */ = {
			isa = PBXShellScriptBuildPhase;
			buildActionMask = 2147483647;
			files = (
			);
			inputPaths = (
			);
			name = "Check Pods Manifest.lock";
			outputPaths = (
			);
			runOnlyForDeploymentPostprocessing = 0;
			shellPath = /bin/sh;
			shellScript = "diff \"${PODS_ROOT}/../Podfile.lock\" \"${PODS_ROOT}/Manifest.lock\" > /dev/null\nif [[ $? != 0 ]] ; then\n    cat << EOM\nerror: The sandbox is not in sync with the Podfile.lock. Run 'pod install' or update your CocoaPods installation.\nEOM\n    exit 1\nfi\n";
			showEnvVarsInLog = 0;
		};
		A8E414E39D2D418A9FF3D160 /* Copy Pods Resources */ = {
			isa = PBXShellScriptBuildPhase;
			buildActionMask = 2147483647;
			files = (
			);
			inputPaths = (
			);
			name = "Copy Pods Resources";
			outputPaths = (
			);
			runOnlyForDeploymentPostprocessing = 0;
			shellPath = /bin/sh;
			shellScript = "\"${SRCROOT}/Pods/Target Support Files/Pods-AMRefreshingTableViewController/Pods-AMRefreshingTableViewController-resources.sh\"\n";
			showEnvVarsInLog = 0;
		};
		C4ED1C16B0604D9D891666C0 /* Check Pods Manifest.lock */ = {
			isa = PBXShellScriptBuildPhase;
			buildActionMask = 2147483647;
			files = (
			);
			inputPaths = (
			);
			name = "Check Pods Manifest.lock";
			outputPaths = (
			);
			runOnlyForDeploymentPostprocessing = 0;
			shellPath = /bin/sh;
			shellScript = "diff \"${PODS_ROOT}/../Podfile.lock\" \"${PODS_ROOT}/Manifest.lock\" > /dev/null\nif [[ $? != 0 ]] ; then\n    cat << EOM\nerror: The sandbox is not in sync with the Podfile.lock. Run 'pod install' or update your CocoaPods installation.\nEOM\n    exit 1\nfi\n";
			showEnvVarsInLog = 0;
		};
/* End PBXShellScriptBuildPhase section */

/* Begin PBXSourcesBuildPhase section */
		92DEA716199D44B8004E919A /* Sources */ = {
			isa = PBXSourcesBuildPhase;
			buildActionMask = 2147483647;
			files = (
				925E7D7D199D641300BC7170 /* AMRefreshingTableViewController.m in Sources */,
			);
			runOnlyForDeploymentPostprocessing = 0;
		};
		92DEA726199D44B8004E919A /* Sources */ = {
			isa = PBXSourcesBuildPhase;
			buildActionMask = 2147483647;
			files = (
				92815B64199D46F500E8D41F /* AMRefreshingTableViewControllerTests.m in Sources */,
			);
			runOnlyForDeploymentPostprocessing = 0;
		};
/* End PBXSourcesBuildPhase section */

/* Begin PBXTargetDependency section */
		92DEA731199D44B8004E919A /* PBXTargetDependency */ = {
			isa = PBXTargetDependency;
			target = 92DEA719199D44B8004E919A /* AMRefreshingTableViewController */;
			targetProxy = 92DEA730199D44B8004E919A /* PBXContainerItemProxy */;
		};
/* End PBXTargetDependency section */

/* Begin PBXVariantGroup section */
		92DEA736199D44B8004E919A /* InfoPlist.strings */ = {
			isa = PBXVariantGroup;
			children = (
				92DEA737199D44B8004E919A /* en */,
			);
			name = InfoPlist.strings;
			sourceTree = "<group>";
		};
/* End PBXVariantGroup section */

/* Begin XCBuildConfiguration section */
		92DEA73B199D44B9004E919A /* Debug */ = {
			isa = XCBuildConfiguration;
			buildSettings = {
				ALWAYS_SEARCH_USER_PATHS = NO;
				CLANG_CXX_LANGUAGE_STANDARD = "gnu++0x";
				CLANG_CXX_LIBRARY = "libc++";
				CLANG_ENABLE_MODULES = YES;
				CLANG_ENABLE_OBJC_ARC = YES;
				CLANG_WARN_BOOL_CONVERSION = YES;
				CLANG_WARN_CONSTANT_CONVERSION = YES;
				CLANG_WARN_DIRECT_OBJC_ISA_USAGE = YES_ERROR;
				CLANG_WARN_EMPTY_BODY = YES;
				CLANG_WARN_ENUM_CONVERSION = YES;
				CLANG_WARN_INT_CONVERSION = YES;
				CLANG_WARN_OBJC_ROOT_CLASS = YES_ERROR;
				CLANG_WARN__DUPLICATE_METHOD_MATCH = YES;
				COPY_PHASE_STRIP = NO;
				GCC_C_LANGUAGE_STANDARD = gnu99;
				GCC_DYNAMIC_NO_PIC = NO;
				GCC_OPTIMIZATION_LEVEL = 0;
				GCC_PREPROCESSOR_DEFINITIONS = (
					"DEBUG=1",
					"$(inherited)",
				);
				GCC_SYMBOLS_PRIVATE_EXTERN = NO;
				GCC_WARN_64_TO_32_BIT_CONVERSION = YES;
				GCC_WARN_ABOUT_RETURN_TYPE = YES_ERROR;
				GCC_WARN_UNDECLARED_SELECTOR = YES;
				GCC_WARN_UNINITIALIZED_AUTOS = YES_AGGRESSIVE;
				GCC_WARN_UNUSED_FUNCTION = YES;
				GCC_WARN_UNUSED_VARIABLE = YES;
				IPHONEOS_DEPLOYMENT_TARGET = 7.1;
				ONLY_ACTIVE_ARCH = YES;
				SDKROOT = iphoneos;
			};
			name = Debug;
		};
		92DEA73C199D44B9004E919A /* Release */ = {
			isa = XCBuildConfiguration;
			buildSettings = {
				ALWAYS_SEARCH_USER_PATHS = NO;
				CLANG_CXX_LANGUAGE_STANDARD = "gnu++0x";
				CLANG_CXX_LIBRARY = "libc++";
				CLANG_ENABLE_MODULES = YES;
				CLANG_ENABLE_OBJC_ARC = YES;
				CLANG_WARN_BOOL_CONVERSION = YES;
				CLANG_WARN_CONSTANT_CONVERSION = YES;
				CLANG_WARN_DIRECT_OBJC_ISA_USAGE = YES_ERROR;
				CLANG_WARN_EMPTY_BODY = YES;
				CLANG_WARN_ENUM_CONVERSION = YES;
				CLANG_WARN_INT_CONVERSION = YES;
				CLANG_WARN_OBJC_ROOT_CLASS = YES_ERROR;
				CLANG_WARN__DUPLICATE_METHOD_MATCH = YES;
				COPY_PHASE_STRIP = YES;
				ENABLE_NS_ASSERTIONS = NO;
				GCC_C_LANGUAGE_STANDARD = gnu99;
				GCC_WARN_64_TO_32_BIT_CONVERSION = YES;
				GCC_WARN_ABOUT_RETURN_TYPE = YES_ERROR;
				GCC_WARN_UNDECLARED_SELECTOR = YES;
				GCC_WARN_UNINITIALIZED_AUTOS = YES_AGGRESSIVE;
				GCC_WARN_UNUSED_FUNCTION = YES;
				GCC_WARN_UNUSED_VARIABLE = YES;
				IPHONEOS_DEPLOYMENT_TARGET = 7.1;
				SDKROOT = iphoneos;
				VALIDATE_PRODUCT = YES;
			};
			name = Release;
		};
		92DEA73E199D44B9004E919A /* Debug */ = {
			isa = XCBuildConfiguration;
			baseConfigurationReference = 485646A00569BE968BED7A16 /* Pods-AMRefreshingTableViewController.debug.xcconfig */;
			buildSettings = {
				DSTROOT = /tmp/AOReportListViewController.dst;
				GCC_PRECOMPILE_PREFIX_HEADER = YES;
				GCC_PREFIX_HEADER = "AMRefreshingTableViewController/AMRefreshingTableViewController-Prefix.pch";
				PRODUCT_NAME = AMRefreshingTableViewController;
				SKIP_INSTALL = YES;
			};
			name = Debug;
		};
		92DEA73F199D44B9004E919A /* Release */ = {
			isa = XCBuildConfiguration;
			baseConfigurationReference = D82F4732D05E35630FDDD4E1 /* Pods-AMRefreshingTableViewController.release.xcconfig */;
			buildSettings = {
				DSTROOT = /tmp/AOReportListViewController.dst;
				GCC_PRECOMPILE_PREFIX_HEADER = YES;
				GCC_PREFIX_HEADER = "AMRefreshingTableViewController/AMRefreshingTableViewController-Prefix.pch";
				PRODUCT_NAME = AMRefreshingTableViewController;
				SKIP_INSTALL = YES;
			};
			name = Release;
		};
		92DEA741199D44B9004E919A /* Debug */ = {
			isa = XCBuildConfiguration;
			baseConfigurationReference = D0D5102A06AED1332703F041 /* Pods-AMRefreshingTableViewControllerTests.debug.xcconfig */;
			buildSettings = {
				FRAMEWORK_SEARCH_PATHS = (
					"$(SDKROOT)/Developer/Library/Frameworks",
					"$(inherited)",
					"$(DEVELOPER_FRAMEWORKS_DIR)",
				);
				GCC_PRECOMPILE_PREFIX_HEADER = YES;
				GCC_PREFIX_HEADER = "AMRefreshingTableViewController/AMRefreshingTableViewController-Prefix.pch";
				GCC_PREPROCESSOR_DEFINITIONS = (
					"DEBUG=1",
					"$(inherited)",
				);
				INFOPLIST_FILE = "AMRefreshingTableViewControllerTests/AMRefreshingTableViewControllerTests-Info.plist";
				LIBRARY_SEARCH_PATHS = (
					"$(inherited)",
					"$(PROJECT_DIR)/Pods/build/Debug-iphoneos",
				);
				PRODUCT_NAME = AMRefreshingTableViewControllerTests;
				WRAPPER_EXTENSION = xctest;
			};
			name = Debug;
		};
		92DEA742199D44B9004E919A /* Release */ = {
			isa = XCBuildConfiguration;
			baseConfigurationReference = 7A77448185C277E3E1754519 /* Pods-AMRefreshingTableViewControllerTests.release.xcconfig */;
			buildSettings = {
				FRAMEWORK_SEARCH_PATHS = (
					"$(SDKROOT)/Developer/Library/Frameworks",
					"$(inherited)",
					"$(DEVELOPER_FRAMEWORKS_DIR)",
				);
				GCC_PRECOMPILE_PREFIX_HEADER = YES;
				GCC_PREFIX_HEADER = "AMRefreshingTableViewController/AMRefreshingTableViewController-Prefix.pch";
				INFOPLIST_FILE = "AMRefreshingTableViewControllerTests/AMRefreshingTableViewControllerTests-Info.plist";
				LIBRARY_SEARCH_PATHS = (
					"$(inherited)",
					"$(PROJECT_DIR)/Pods/build/Debug-iphoneos",
				);
				PRODUCT_NAME = AMRefreshingTableViewControllerTests;
				WRAPPER_EXTENSION = xctest;
			};
			name = Release;
		};
/* End XCBuildConfiguration section */

/* Begin XCConfigurationList section */
		92DEA715199D44B8004E919A /* Build configuration list for PBXProject "AMRefreshingTableViewController" */ = {
			isa = XCConfigurationList;
			buildConfigurations = (
				92DEA73B199D44B9004E919A /* Debug */,
				92DEA73C199D44B9004E919A /* Release */,
			);
			defaultConfigurationIsVisible = 0;
			defaultConfigurationName = Release;
		};
		92DEA73D199D44B9004E919A /* Build configuration list for PBXNativeTarget "AMRefreshingTableViewController" */ = {
			isa = XCConfigurationList;
			buildConfigurations = (
				92DEA73E199D44B9004E919A /* Debug */,
				92DEA73F199D44B9004E919A /* Release */,
			);
			defaultConfigurationIsVisible = 0;
			defaultConfigurationName = Release;
		};
		92DEA740199D44B9004E919A /* Build configuration list for PBXNativeTarget "AMRefreshingTableViewControllerTests" */ = {
			isa = XCConfigurationList;
			buildConfigurations = (
				92DEA741199D44B9004E919A /* Debug */,
				92DEA742199D44B9004E919A /* Release */,
			);
			defaultConfigurationIsVisible = 0;
			defaultConfigurationName = Release;
		};
/* End XCConfigurationList section */
	};
	rootObject = 92DEA712199D44B8004E919A /* Project object */;
}
