PODS:
  - ALLabel (2.0.0)
  - AMPullToRefresh (1.0.0)
  - AutoLayoutCells (0.11.0-beta5):
    - AutoLayoutCells/SharedCategories (= 0.11.0-beta5)
    - AutoLayoutCells/TableViewCells (= 0.11.0-beta5)
  - AutoLayoutCells/SharedCategories (0.11.0-beta5):
    - UIImageView+ALActivityIndicatorView (~> 1.0)
  - AutoLayoutCells/TableViewCells (0.11.0-beta5):
    - ALLabel (~> 2.0)
    - AutoLayoutCells/SharedCategories
    - AutoLayoutTextViews (~> 1.1)
  - AutoLayoutTextViews (1.2.6)
  - Expecta (0.4.2)
  - Expecta+LayoutConstraints (0.1.0):
    - Expecta (~> 0.3)
  - MBProgressHUD (0.9.2)
  - OCMock (3.4)
  - UIImageView+ALActivityIndicatorView (1.0.0)
  - UIScrollView-InfiniteScroll (0.9.1)
  - XMLDictionary (1.4.1)

DEPENDENCIES:
  - AMPullToRefresh (~> 1.0)
  - AutoLayoutCells (~> 0.11.0-beta5)
  - Expecta (~> 0.3)
  - Expecta+LayoutConstraints (~> 0.1)
  - MBProgressHUD (~> 0.8)
  - OCMock (~> 3.0)
  - UIScrollView-InfiniteScroll (~> 0.9)
  - XMLDictionary (~> 1.4)

SPEC CHECKSUMS:
  ALLabel: 0f527f4f5445f4b9fac4d78bf28655f88908bd93
  AMPullToRefresh: 40ca9c74acfcbcddb396e5c3ddef50aa3ad13f4b
  AutoLayoutCells: 1644bc00d90c62d08b33c71ae488b1769f857675
  AutoLayoutTextViews: 6cc6e52141399590f30dca9f04bb6f603c1f47d5
  Expecta: 78b4e8b0c8291fa4524d7f74016b6065c2e391ec
  Expecta+LayoutConstraints: c27575a56faf193c10ac989fb825c325831625ff
  MBProgressHUD: 1569cf7ace17a8bac47aabfbb8580a49690386d1
  OCMock: 35ae71d6a8fcc1b59434d561d1520b9dd4f15765
  UIImageView+ALActivityIndicatorView: f38f2c19ed2927e0b359201c143f25628ce30711
  UIScrollView-InfiniteScroll: 14e204c50ca4040467e1cbfa141dad7a18919b56
  XMLDictionary: fa07b6ff422b3a91d47a5de9bc82e3fc04fbd167

PODFILE CHECKSUM: 6e3befd946545a41eb06729a4c7a30a500cdf65b

COCOAPODS: 1.2.0.beta.1
